
Microsoft Visual Studio Solution File, Format Version 12.00
# Visual Studio Version 17
VisualStudioVersion = 17.0.31912.275
MinimumVisualStudioVersion = 10.0.40219.1
Project("{FAE04EC0-301F-11D3-BF4B-00C04F79EFBC}") = "RuledGear", "RuledGear\RuledGear.csproj", "{0282E254-8FBD-48F0-AB2C-FE3AC7B3A2E5}"
EndProject
Project("{FAE04EC0-301F-11D3-BF4B-00C04F79EFBC}") = "RuledGearTests", "RuledGearTests\RuledGearTests.csproj", "{F21C2C74-0DF3-4C95-893D-A01B70844A81}"
EndProject
Global
	GlobalSection(SolutionConfigurationPlatforms) = preSolution
		Debug|Any CPU = Debug|Any CPU
		Release|Any CPU = Release|Any CPU
	EndGlobalSection
	GlobalSection(ProjectConfigurationPlatforms) = postSolution
		{0282E254-8FBD-48F0-AB2C-FE3AC7B3A2E5}.Debug|Any CPU.ActiveCfg = Debug|Any CPU
		{0282E254-8FBD-48F0-AB2C-FE3AC7B3A2E5}.Debug|Any CPU.Build.0 = Debug|Any CPU
		{0282E254-8FBD-48F0-AB2C-FE3AC7B3A2E5}.Release|Any CPU.ActiveCfg = Release|Any CPU
		{0282E254-8FBD-48F0-AB2C-FE3AC7B3A2E5}.Release|Any CPU.Build.0 = Release|Any CPU
		{F21C2C74-0DF3-4C95-893D-A01B70844A81}.Debug|Any CPU.ActiveCfg = Debug|Any CPU
		{F21C2C74-0DF3-4C95-893D-A01B70844A81}.Debug|Any CPU.Build.0 = Debug|Any CPU
		{F21C2C74-0DF3-4C95-893D-A01B70844A81}.Release|Any CPU.ActiveCfg = Release|Any CPU
		{F21C2C74-0DF3-4C95-893D-A01B70844A81}.Release|Any CPU.Build.0 = Release|Any CPU
	EndGlobalSection
	GlobalSection(SolutionProperties) = preSolution
		HideSolutionNode = FALSE
	EndGlobalSection
	GlobalSection(ExtensibilityGlobals) = postSolution
		SolutionGuid = {DE916C11-A748-4C45-946E-50C016925F7F}
	EndGlobalSection
EndGlobal
